
Microsoft Visual Studio Solution File, Format Version 12.00
# Visual Studio Version 17
VisualStudioVersion = 17.3.32825.248
MinimumVisualStudioVersion = 10.0.40219.1
Project("{FAE04EC0-301F-11D3-BF4B-00C04F79EFBC}") = "RevueCraftersTests", "RevueCraftersTests\RevueCraftersTests.csproj", "{A861F892-5FD8-4EB0-885B-2A47C2A3EFBA}"
EndProject
Global
	GlobalSection(SolutionConfigurationPlatforms) = preSolution
		Debug|Any CPU = Debug|Any CPU
		Release|Any CPU = Release|Any CPU
	EndGlobalSection
	GlobalSection(ProjectConfigurationPlatforms) = postSolution
		{A861F892-5FD8-4EB0-885B-2A47C2A3EFBA}.Debug|Any CPU.ActiveCfg = Debug|Any CPU
		{A861F892-5FD8-4EB0-885B-2A47C2A3EFBA}.Debug|Any CPU.Build.0 = Debug|Any CPU
		{A861F892-5FD8-4EB0-885B-2A47C2A3EFBA}.Release|Any CPU.ActiveCfg = Release|Any CPU
		{A861F892-5FD8-4EB0-885B-2A47C2A3EFBA}.Release|Any CPU.Build.0 = Release|Any CPU
	EndGlobalSection
	GlobalSection(SolutionProperties) = preSolution
		HideSolutionNode = FALSE
	EndGlobalSection
	GlobalSection(ExtensibilityGlobals) = postSolution
		SolutionGuid = {E4720F90-1221-449A-B692-AC9136B8FD4E}
	EndGlobalSection
EndGlobal
